
Microsoft Visual Studio Solution File, Format Version 12.00
# Visual Studio Version 17
VisualStudioVersion = 17.9.34728.123
MinimumVisualStudioVersion = 10.0.40219.1
Project("{FAE04EC0-301F-11D3-BF4B-00C04F79EFBC}") = "Antigrav", "Antigrav\Antigrav.csproj", "{DAB60881-364D-4CF3-BD5A-BF43BD0647EB}"
EndProject
Project("{FAE04EC0-301F-11D3-BF4B-00C04F79EFBC}") = "EncoderTest", "EncoderTest\EncoderTest.csproj", "{4343B6E5-B6B2-4544-83B3-C9E264E34C98}"
EndProject
Global
	GlobalSection(SolutionConfigurationPlatforms) = preSolution
		Debug|Any CPU = Debug|Any CPU
		Release|Any CPU = Release|Any CPU
	EndGlobalSection
	GlobalSection(ProjectConfigurationPlatforms) = postSolution
		{DAB60881-364D-4CF3-BD5A-BF43BD0647EB}.Debug|Any CPU.ActiveCfg = Debug|Any CPU
		{DAB60881-364D-4CF3-BD5A-BF43BD0647EB}.Debug|Any CPU.Build.0 = Debug|Any CPU
		{DAB60881-364D-4CF3-BD5A-BF43BD0647EB}.Release|Any CPU.ActiveCfg = Release|Any CPU
		{DAB60881-364D-4CF3-BD5A-BF43BD0647EB}.Release|Any CPU.Build.0 = Release|Any CPU
		{4343B6E5-B6B2-4544-83B3-C9E264E34C98}.Debug|Any CPU.ActiveCfg = Debug|Any CPU
		{4343B6E5-B6B2-4544-83B3-C9E264E34C98}.Debug|Any CPU.Build.0 = Debug|Any CPU
		{4343B6E5-B6B2-4544-83B3-C9E264E34C98}.Release|Any CPU.ActiveCfg = Release|Any CPU
		{4343B6E5-B6B2-4544-83B3-C9E264E34C98}.Release|Any CPU.Build.0 = Release|Any CPU
	EndGlobalSection
	GlobalSection(SolutionProperties) = preSolution
		HideSolutionNode = FALSE
	EndGlobalSection
	GlobalSection(ExtensibilityGlobals) = postSolution
		SolutionGuid = {3C50EF79-A19A-4FA5-BE5C-5F018088D98A}
	EndGlobalSection
EndGlobal
